
Microsoft Visual Studio Solution File, Format Version 12.00
# Visual Studio Version 16
VisualStudioVersion = 16.0.29230.47
MinimumVisualStudioVersion = 10.0.40219.1
Project("{8BC9CEB8-8B4A-11D0-8D11-00A0C91BC942}") = "3_04_一元多项式的乘法与加法运算", "3_04_一元多项式的乘法与加法运算\3_04_一元多项式的乘法与加法运算.vcxproj", "{B723A6C9-6922-40CF-86D9-A287C5D35169}"
EndProject
Project("{8BC9CEB8-8B4A-11D0-8D11-00A0C91BC942}") = "3_05_符号配对", "3_05_符号配对\3_05_符号配对.vcxproj", "{26AC7D4F-A7EA-4261-8601-E0461A993CCB}"
EndProject
Project("{8BC9CEB8-8B4A-11D0-8D11-00A0C91BC942}") = "3_06_堆栈操作合法性", "3_06_堆栈操作合法性\3_06_堆栈操作合法性.vcxproj", "{D2E4F089-A668-49D1-B495-ED3782C33AAD}"
EndProject
Project("{8BC9CEB8-8B4A-11D0-8D11-00A0C91BC942}") = "3_01_线性表元素的区间删除", "3_01_线性表元素的区间删除\3_01_线性表元素的区间删除.vcxproj", "{91125008-D563-40EB-B35E-4800B6BFCA1E}"
EndProject
Project("{8BC9CEB8-8B4A-11D0-8D11-00A0C91BC942}") = "3_02_最长连续递增子序列", "3_02_最长连续递增子序列\3_02_最长连续递增子序列.vcxproj", "{1D641CC9-AA4B-46D5-986E-7632B7A04514}"
EndProject
Project("{8BC9CEB8-8B4A-11D0-8D11-00A0C91BC942}") = "3_03_求链表的倒数第m个元素", "3_03_求链表的倒数第m个元素\3_03_求链表的倒数第m个元素.vcxproj", "{5BC85D8E-961C-4CF9-AF47-FF86BC3E97EF}"
EndProject
Project("{8BC9CEB8-8B4A-11D0-8D11-00A0C91BC942}") = "3_07_汉诺塔的非递归实现", "3_07_汉诺塔的非递归实现\3_07_汉诺塔的非递归实现.vcxproj", "{D3F0F335-7893-4BE6-984E-E24D8C38AA4E}"
EndProject
Project("{8BC9CEB8-8B4A-11D0-8D11-00A0C91BC942}") = "3_08_表达式转换", "3_08_表达式转换\3_08_表达式转换.vcxproj", "{EB2E69AE-3FCB-4F46-9663-0C2B07CFEB51}"
EndProject
Project("{8BC9CEB8-8B4A-11D0-8D11-00A0C91BC942}") = "3_09_银行业务队列简单模拟", "3_09_银行业务队列简单模拟\3_09_银行业务队列简单模拟.vcxproj", "{5FC76854-2F48-4005-8ECD-121650568109}"
EndProject
Project("{8BC9CEB8-8B4A-11D0-8D11-00A0C91BC942}") = "3_21_一元多项式求导", "3_21_一元多项式求导\3_21_一元多项式求导.vcxproj", "{068C0108-9E5A-44D8-86CE-E6713DCF59A6}"
EndProject
Project("{8BC9CEB8-8B4A-11D0-8D11-00A0C91BC942}") = "3_22_单链表分段逆转", "3_22_单链表分段逆转\3_22_单链表分段逆转.vcxproj", "{5A1B3353-B957-443D-9182-BDDF3C3847A1}"
EndProject
Project("{8BC9CEB8-8B4A-11D0-8D11-00A0C91BC942}") = "3_23_共享后缀的链表", "3_23_共享后缀的链表\3_23_共享后缀的链表.vcxproj", "{D797A72C-0516-4648-BA55-C0847AC256A8}"
EndProject
Project("{8BC9CEB8-8B4A-11D0-8D11-00A0C91BC942}") = "3_24_出栈序列的合法性", "3_24_出栈序列的合法性\3_24_出栈序列的合法性.vcxproj", "{AB156857-3CFB-4879-8867-4B5377874833}"
EndProject
Project("{8BC9CEB8-8B4A-11D0-8D11-00A0C91BC942}") = "3_25_堆栈模拟队列", "3_25_堆栈模拟队列\3_25_堆栈模拟队列.vcxproj", "{5AB1A233-A6E7-4EE3-BA36-2561A105CEBA}"
EndProject
Project("{8BC9CEB8-8B4A-11D0-8D11-00A0C91BC942}") = "3_31_求前缀表达式的值", "3_31_求前缀表达式的值\3_31_求前缀表达式的值.vcxproj", "{CD35DE27-BCB1-4261-8737-93CBA23F2B94}"
EndProject
Global
	GlobalSection(SolutionConfigurationPlatforms) = preSolution
		Debug|x64 = Debug|x64
		Debug|x86 = Debug|x86
		Release|x64 = Release|x64
		Release|x86 = Release|x86
	EndGlobalSection
	GlobalSection(ProjectConfigurationPlatforms) = postSolution
		{B723A6C9-6922-40CF-86D9-A287C5D35169}.Debug|x64.ActiveCfg = Debug|x64
		{B723A6C9-6922-40CF-86D9-A287C5D35169}.Debug|x64.Build.0 = Debug|x64
		{B723A6C9-6922-40CF-86D9-A287C5D35169}.Debug|x86.ActiveCfg = Debug|Win32
		{B723A6C9-6922-40CF-86D9-A287C5D35169}.Debug|x86.Build.0 = Debug|Win32
		{B723A6C9-6922-40CF-86D9-A287C5D35169}.Release|x64.ActiveCfg = Release|x64
		{B723A6C9-6922-40CF-86D9-A287C5D35169}.Release|x64.Build.0 = Release|x64
		{B723A6C9-6922-40CF-86D9-A287C5D35169}.Release|x86.ActiveCfg = Release|Win32
		{B723A6C9-6922-40CF-86D9-A287C5D35169}.Release|x86.Build.0 = Release|Win32
		{26AC7D4F-A7EA-4261-8601-E0461A993CCB}.Debug|x64.ActiveCfg = Debug|x64
		{26AC7D4F-A7EA-4261-8601-E0461A993CCB}.Debug|x64.Build.0 = Debug|x64
		{26AC7D4F-A7EA-4261-8601-E0461A993CCB}.Debug|x86.ActiveCfg = Debug|Win32
		{26AC7D4F-A7EA-4261-8601-E0461A993CCB}.Debug|x86.Build.0 = Debug|Win32
		{26AC7D4F-A7EA-4261-8601-E0461A993CCB}.Release|x64.ActiveCfg = Release|x64
		{26AC7D4F-A7EA-4261-8601-E0461A993CCB}.Release|x64.Build.0 = Release|x64
		{26AC7D4F-A7EA-4261-8601-E0461A993CCB}.Release|x86.ActiveCfg = Release|Win32
		{26AC7D4F-A7EA-4261-8601-E0461A993CCB}.Release|x86.Build.0 = Release|Win32
		{D2E4F089-A668-49D1-B495-ED3782C33AAD}.Debug|x64.ActiveCfg = Debug|x64
		{D2E4F089-A668-49D1-B495-ED3782C33AAD}.Debug|x64.Build.0 = Debug|x64
		{D2E4F089-A668-49D1-B495-ED3782C33AAD}.Debug|x86.ActiveCfg = Debug|Win32
		{D2E4F089-A668-49D1-B495-ED3782C33AAD}.Debug|x86.Build.0 = Debug|Win32
		{D2E4F089-A668-49D1-B495-ED3782C33AAD}.Release|x64.ActiveCfg = Release|x64
		{D2E4F089-A668-49D1-B495-ED3782C33AAD}.Release|x64.Build.0 = Release|x64
		{D2E4F089-A668-49D1-B495-ED3782C33AAD}.Release|x86.ActiveCfg = Release|Win32
		{D2E4F089-A668-49D1-B495-ED3782C33AAD}.Release|x86.Build.0 = Release|Win32
		{91125008-D563-40EB-B35E-4800B6BFCA1E}.Debug|x64.ActiveCfg = Debug|x64
		{91125008-D563-40EB-B35E-4800B6BFCA1E}.Debug|x64.Build.0 = Debug|x64
		{91125008-D563-40EB-B35E-4800B6BFCA1E}.Debug|x86.ActiveCfg = Debug|Win32
		{91125008-D563-40EB-B35E-4800B6BFCA1E}.Debug|x86.Build.0 = Debug|Win32
		{91125008-D563-40EB-B35E-4800B6BFCA1E}.Release|x64.ActiveCfg = Release|x64
		{91125008-D563-40EB-B35E-4800B6BFCA1E}.Release|x64.Build.0 = Release|x64
		{91125008-D563-40EB-B35E-4800B6BFCA1E}.Release|x86.ActiveCfg = Release|Win32
		{91125008-D563-40EB-B35E-4800B6BFCA1E}.Release|x86.Build.0 = Release|Win32
		{1D641CC9-AA4B-46D5-986E-7632B7A04514}.Debug|x64.ActiveCfg = Debug|x64
		{1D641CC9-AA4B-46D5-986E-7632B7A04514}.Debug|x64.Build.0 = Debug|x64
		{1D641CC9-AA4B-46D5-986E-7632B7A04514}.Debug|x86.ActiveCfg = Debug|Win32
		{1D641CC9-AA4B-46D5-986E-7632B7A04514}.Debug|x86.Build.0 = Debug|Win32
		{1D641CC9-AA4B-46D5-986E-7632B7A04514}.Release|x64.ActiveCfg = Release|x64
		{1D641CC9-AA4B-46D5-986E-7632B7A04514}.Release|x64.Build.0 = Release|x64
		{1D641CC9-AA4B-46D5-986E-7632B7A04514}.Release|x86.ActiveCfg = Release|Win32
		{1D641CC9-AA4B-46D5-986E-7632B7A04514}.Release|x86.Build.0 = Release|Win32
		{5BC85D8E-961C-4CF9-AF47-FF86BC3E97EF}.Debug|x64.ActiveCfg = Debug|x64
		{5BC85D8E-961C-4CF9-AF47-FF86BC3E97EF}.Debug|x64.Build.0 = Debug|x64
		{5BC85D8E-961C-4CF9-AF47-FF86BC3E97EF}.Debug|x86.ActiveCfg = Debug|Win32
		{5BC85D8E-961C-4CF9-AF47-FF86BC3E97EF}.Debug|x86.Build.0 = Debug|Win32
		{5BC85D8E-961C-4CF9-AF47-FF86BC3E97EF}.Release|x64.ActiveCfg = Release|x64
		{5BC85D8E-961C-4CF9-AF47-FF86BC3E97EF}.Release|x64.Build.0 = Release|x64
		{5BC85D8E-961C-4CF9-AF47-FF86BC3E97EF}.Release|x86.ActiveCfg = Release|Win32
		{5BC85D8E-961C-4CF9-AF47-FF86BC3E97EF}.Release|x86.Build.0 = Release|Win32
		{D3F0F335-7893-4BE6-984E-E24D8C38AA4E}.Debug|x64.ActiveCfg = Debug|x64
		{D3F0F335-7893-4BE6-984E-E24D8C38AA4E}.Debug|x64.Build.0 = Debug|x64
		{D3F0F335-7893-4BE6-984E-E24D8C38AA4E}.Debug|x86.ActiveCfg = Debug|Win32
		{D3F0F335-7893-4BE6-984E-E24D8C38AA4E}.Debug|x86.Build.0 = Debug|Win32
		{D3F0F335-7893-4BE6-984E-E24D8C38AA4E}.Release|x64.ActiveCfg = Release|x64
		{D3F0F335-7893-4BE6-984E-E24D8C38AA4E}.Release|x64.Build.0 = Release|x64
		{D3F0F335-7893-4BE6-984E-E24D8C38AA4E}.Release|x86.ActiveCfg = Release|Win32
		{D3F0F335-7893-4BE6-984E-E24D8C38AA4E}.Release|x86.Build.0 = Release|Win32
		{EB2E69AE-3FCB-4F46-9663-0C2B07CFEB51}.Debug|x64.ActiveCfg = Debug|x64
		{EB2E69AE-3FCB-4F46-9663-0C2B07CFEB51}.Debug|x64.Build.0 = Debug|x64
		{EB2E69AE-3FCB-4F46-9663-0C2B07CFEB51}.Debug|x86.ActiveCfg = Debug|Win32
		{EB2E69AE-3FCB-4F46-9663-0C2B07CFEB51}.Debug|x86.Build.0 = Debug|Win32
		{EB2E69AE-3FCB-4F46-9663-0C2B07CFEB51}.Release|x64.ActiveCfg = Release|x64
		{EB2E69AE-3FCB-4F46-9663-0C2B07CFEB51}.Release|x64.Build.0 = Release|x64
		{EB2E69AE-3FCB-4F46-9663-0C2B07CFEB51}.Release|x86.ActiveCfg = Release|Win32
		{EB2E69AE-3FCB-4F46-9663-0C2B07CFEB51}.Release|x86.Build.0 = Release|Win32
		{5FC76854-2F48-4005-8ECD-121650568109}.Debug|x64.ActiveCfg = Debug|x64
		{5FC76854-2F48-4005-8ECD-121650568109}.Debug|x64.Build.0 = Debug|x64
		{5FC76854-2F48-4005-8ECD-121650568109}.Debug|x86.ActiveCfg = Debug|Win32
		{5FC76854-2F48-4005-8ECD-121650568109}.Debug|x86.Build.0 = Debug|Win32
		{5FC76854-2F48-4005-8ECD-121650568109}.Release|x64.ActiveCfg = Release|x64
		{5FC76854-2F48-4005-8ECD-121650568109}.Release|x64.Build.0 = Release|x64
		{5FC76854-2F48-4005-8ECD-121650568109}.Release|x86.ActiveCfg = Release|Win32
		{5FC76854-2F48-4005-8ECD-121650568109}.Release|x86.Build.0 = Release|Win32
		{068C0108-9E5A-44D8-86CE-E6713DCF59A6}.Debug|x64.ActiveCfg = Debug|x64
		{068C0108-9E5A-44D8-86CE-E6713DCF59A6}.Debug|x64.Build.0 = Debug|x64
		{068C0108-9E5A-44D8-86CE-E6713DCF59A6}.Debug|x86.ActiveCfg = Debug|Win32
		{068C0108-9E5A-44D8-86CE-E6713DCF59A6}.Debug|x86.Build.0 = Debug|Win32
		{068C0108-9E5A-44D8-86CE-E6713DCF59A6}.Release|x64.ActiveCfg = Release|x64
		{068C0108-9E5A-44D8-86CE-E6713DCF59A6}.Release|x64.Build.0 = Release|x64
		{068C0108-9E5A-44D8-86CE-E6713DCF59A6}.Release|x86.ActiveCfg = Release|Win32
		{068C0108-9E5A-44D8-86CE-E6713DCF59A6}.Release|x86.Build.0 = Release|Win32
		{5A1B3353-B957-443D-9182-BDDF3C3847A1}.Debug|x64.ActiveCfg = Debug|x64
		{5A1B3353-B957-443D-9182-BDDF3C3847A1}.Debug|x64.Build.0 = Debug|x64
		{5A1B3353-B957-443D-9182-BDDF3C3847A1}.Debug|x86.ActiveCfg = Debug|Win32
		{5A1B3353-B957-443D-9182-BDDF3C3847A1}.Debug|x86.Build.0 = Debug|Win32
		{5A1B3353-B957-443D-9182-BDDF3C3847A1}.Release|x64.ActiveCfg = Release|x64
		{5A1B3353-B957-443D-9182-BDDF3C3847A1}.Release|x64.Build.0 = Release|x64
		{5A1B3353-B957-443D-9182-BDDF3C3847A1}.Release|x86.ActiveCfg = Release|Win32
		{5A1B3353-B957-443D-9182-BDDF3C3847A1}.Release|x86.Build.0 = Release|Win32
		{D797A72C-0516-4648-BA55-C0847AC256A8}.Debug|x64.ActiveCfg = Debug|x64
		{D797A72C-0516-4648-BA55-C0847AC256A8}.Debug|x64.Build.0 = Debug|x64
		{D797A72C-0516-4648-BA55-C0847AC256A8}.Debug|x86.ActiveCfg = Debug|Win32
		{D797A72C-0516-4648-BA55-C0847AC256A8}.Debug|x86.Build.0 = Debug|Win32
		{D797A72C-0516-4648-BA55-C0847AC256A8}.Release|x64.ActiveCfg = Release|x64
		{D797A72C-0516-4648-BA55-C0847AC256A8}.Release|x64.Build.0 = Release|x64
		{D797A72C-0516-4648-BA55-C0847AC256A8}.Release|x86.ActiveCfg = Release|Win32
		{D797A72C-0516-4648-BA55-C0847AC256A8}.Release|x86.Build.0 = Release|Win32
		{AB156857-3CFB-4879-8867-4B5377874833}.Debug|x64.ActiveCfg = Debug|x64
		{AB156857-3CFB-4879-8867-4B5377874833}.Debug|x64.Build.0 = Debug|x64
		{AB156857-3CFB-4879-8867-4B5377874833}.Debug|x86.ActiveCfg = Debug|Win32
		{AB156857-3CFB-4879-8867-4B5377874833}.Debug|x86.Build.0 = Debug|Win32
		{AB156857-3CFB-4879-8867-4B5377874833}.Release|x64.ActiveCfg = Release|x64
		{AB156857-3CFB-4879-8867-4B5377874833}.Release|x64.Build.0 = Release|x64
		{AB156857-3CFB-4879-8867-4B5377874833}.Release|x86.ActiveCfg = Release|Win32
		{AB156857-3CFB-4879-8867-4B5377874833}.Release|x86.Build.0 = Release|Win32
		{5AB1A233-A6E7-4EE3-BA36-2561A105CEBA}.Debug|x64.ActiveCfg = Debug|x64
		{5AB1A233-A6E7-4EE3-BA36-2561A105CEBA}.Debug|x64.Build.0 = Debug|x64
		{5AB1A233-A6E7-4EE3-BA36-2561A105CEBA}.Debug|x86.ActiveCfg = Debug|Win32
		{5AB1A233-A6E7-4EE3-BA36-2561A105CEBA}.Debug|x86.Build.0 = Debug|Win32
		{5AB1A233-A6E7-4EE3-BA36-2561A105CEBA}.Release|x64.ActiveCfg = Release|x64
		{5AB1A233-A6E7-4EE3-BA36-2561A105CEBA}.Release|x64.Build.0 = Release|x64
		{5AB1A233-A6E7-4EE3-BA36-2561A105CEBA}.Release|x86.ActiveCfg = Release|Win32
		{5AB1A233-A6E7-4EE3-BA36-2561A105CEBA}.Release|x86.Build.0 = Release|Win32
		{CD35DE27-BCB1-4261-8737-93CBA23F2B94}.Debug|x64.ActiveCfg = Debug|x64
		{CD35DE27-BCB1-4261-8737-93CBA23F2B94}.Debug|x64.Build.0 = Debug|x64
		{CD35DE27-BCB1-4261-8737-93CBA23F2B94}.Debug|x86.ActiveCfg = Debug|Win32
		{CD35DE27-BCB1-4261-8737-93CBA23F2B94}.Debug|x86.Build.0 = Debug|Win32
		{CD35DE27-BCB1-4261-8737-93CBA23F2B94}.Release|x64.ActiveCfg = Release|x64
		{CD35DE27-BCB1-4261-8737-93CBA23F2B94}.Release|x64.Build.0 = Release|x64
		{CD35DE27-BCB1-4261-8737-93CBA23F2B94}.Release|x86.ActiveCfg = Release|Win32
		{CD35DE27-BCB1-4261-8737-93CBA23F2B94}.Release|x86.Build.0 = Release|Win32
	EndGlobalSection
	GlobalSection(SolutionProperties) = preSolution
		HideSolutionNode = FALSE
	EndGlobalSection
	GlobalSection(ExtensibilityGlobals) = postSolution
		SolutionGuid = {F2C5EAEA-6DC7-48A5-84AF-CCC409F8D6AD}
	EndGlobalSection
EndGlobal
