
Microsoft Visual Studio Solution File, Format Version 12.00
# Visual Studio Version 16
VisualStudioVersion = 16.0.29230.47
MinimumVisualStudioVersion = 10.0.40219.1
Project("{8BC9CEB8-8B4A-11D0-8D11-00A0C91BC942}") = "4_00_TreeBaseCode", "4_00_TreeBaseCode\4_00_TreeBaseCode.vcxproj", "{5D298101-19F2-4371-8D1C-973AA78C265C}"
EndProject
Project("{8BC9CEB8-8B4A-11D0-8D11-00A0C91BC942}") = "4_11_根据后序和中序遍历输出先序遍历", "4_11_根据后序和中序遍历输出先序遍历\4_11_根据后序和中序遍历输出先序遍历.vcxproj", "{010C0122-893D-41CE-B2D5-98BC3168946C}"
EndProject
Project("{8BC9CEB8-8B4A-11D0-8D11-00A0C91BC942}") = "4_12_平衡二叉树的根", "4_12_平衡二叉树的根\4_12_平衡二叉树的根.vcxproj", "{DC453F2B-071F-4BD2-BA91-DE467880D741}"
EndProject
Project("{8BC9CEB8-8B4A-11D0-8D11-00A0C91BC942}") = "4_13_是否二叉搜索树", "4_13_是否二叉搜索树\4_13_是否二叉搜索树.vcxproj", "{713DF4AE-EC1C-472C-A12C-D4746B23CE6B}"
EndProject
Project("{8BC9CEB8-8B4A-11D0-8D11-00A0C91BC942}") = "4_14_堆中的路径", "4_14_堆中的路径\4_14_堆中的路径.vcxproj", "{D6404C35-3323-4775-BAAE-42BEA47B8781}"
EndProject
Project("{8BC9CEB8-8B4A-11D0-8D11-00A0C91BC942}") = "4_15_顺序存储的二叉树的最近的公共祖先问题", "4_15_顺序存储的二叉树的最近的公共祖先问题\4_15_顺序存储的二叉树的最近的公共祖先问题.vcxproj", "{A8B53BBC-D424-4CDF-AE57-5B8A49FAB339}"
EndProject
Project("{8BC9CEB8-8B4A-11D0-8D11-00A0C91BC942}") = "4_16_树种统计", "4_16_树种统计\4_16_树种统计.vcxproj", "{3FE7EFC0-7207-40E2-9541-1E48E7A231BB}"
EndProject
Project("{8BC9CEB8-8B4A-11D0-8D11-00A0C91BC942}") = "4_17_文件传输", "4_17_文件传输\4_17_文件传输.vcxproj", "{8E75B365-DA45-4213-9E42-C1B777769EA6}"
EndProject
Project("{8BC9CEB8-8B4A-11D0-8D11-00A0C91BC942}") = "4_21_树的同构", "4_21_树的同构\4_21_树的同构.vcxproj", "{8B4F8DCF-EE69-4944-895F-A4CBBBCD065D}"
EndProject
Project("{8BC9CEB8-8B4A-11D0-8D11-00A0C91BC942}") = "4_22_列出叶结点", "4_22_列出叶结点\4_22_列出叶结点.vcxproj", "{2799F5DF-2ACF-4D16-99D5-D11BF435D699}"
EndProject
Project("{8BC9CEB8-8B4A-11D0-8D11-00A0C91BC942}") = "4_23_二叉树的非递归遍历", "4_23_二叉树的非递归遍历\4_23_二叉树的非递归遍历.vcxproj", "{0DA11A15-1E75-422F-B0BD-16A178376C22}"
EndProject
Global
	GlobalSection(SolutionConfigurationPlatforms) = preSolution
		Debug|x64 = Debug|x64
		Debug|x86 = Debug|x86
		Release|x64 = Release|x64
		Release|x86 = Release|x86
	EndGlobalSection
	GlobalSection(ProjectConfigurationPlatforms) = postSolution
		{5D298101-19F2-4371-8D1C-973AA78C265C}.Debug|x64.ActiveCfg = Debug|x64
		{5D298101-19F2-4371-8D1C-973AA78C265C}.Debug|x64.Build.0 = Debug|x64
		{5D298101-19F2-4371-8D1C-973AA78C265C}.Debug|x86.ActiveCfg = Debug|Win32
		{5D298101-19F2-4371-8D1C-973AA78C265C}.Debug|x86.Build.0 = Debug|Win32
		{5D298101-19F2-4371-8D1C-973AA78C265C}.Release|x64.ActiveCfg = Release|x64
		{5D298101-19F2-4371-8D1C-973AA78C265C}.Release|x64.Build.0 = Release|x64
		{5D298101-19F2-4371-8D1C-973AA78C265C}.Release|x86.ActiveCfg = Release|Win32
		{5D298101-19F2-4371-8D1C-973AA78C265C}.Release|x86.Build.0 = Release|Win32
		{010C0122-893D-41CE-B2D5-98BC3168946C}.Debug|x64.ActiveCfg = Debug|x64
		{010C0122-893D-41CE-B2D5-98BC3168946C}.Debug|x64.Build.0 = Debug|x64
		{010C0122-893D-41CE-B2D5-98BC3168946C}.Debug|x86.ActiveCfg = Debug|Win32
		{010C0122-893D-41CE-B2D5-98BC3168946C}.Debug|x86.Build.0 = Debug|Win32
		{010C0122-893D-41CE-B2D5-98BC3168946C}.Release|x64.ActiveCfg = Release|x64
		{010C0122-893D-41CE-B2D5-98BC3168946C}.Release|x64.Build.0 = Release|x64
		{010C0122-893D-41CE-B2D5-98BC3168946C}.Release|x86.ActiveCfg = Release|Win32
		{010C0122-893D-41CE-B2D5-98BC3168946C}.Release|x86.Build.0 = Release|Win32
		{DC453F2B-071F-4BD2-BA91-DE467880D741}.Debug|x64.ActiveCfg = Debug|x64
		{DC453F2B-071F-4BD2-BA91-DE467880D741}.Debug|x64.Build.0 = Debug|x64
		{DC453F2B-071F-4BD2-BA91-DE467880D741}.Debug|x86.ActiveCfg = Debug|Win32
		{DC453F2B-071F-4BD2-BA91-DE467880D741}.Debug|x86.Build.0 = Debug|Win32
		{DC453F2B-071F-4BD2-BA91-DE467880D741}.Release|x64.ActiveCfg = Release|x64
		{DC453F2B-071F-4BD2-BA91-DE467880D741}.Release|x64.Build.0 = Release|x64
		{DC453F2B-071F-4BD2-BA91-DE467880D741}.Release|x86.ActiveCfg = Release|Win32
		{DC453F2B-071F-4BD2-BA91-DE467880D741}.Release|x86.Build.0 = Release|Win32
		{713DF4AE-EC1C-472C-A12C-D4746B23CE6B}.Debug|x64.ActiveCfg = Debug|x64
		{713DF4AE-EC1C-472C-A12C-D4746B23CE6B}.Debug|x64.Build.0 = Debug|x64
		{713DF4AE-EC1C-472C-A12C-D4746B23CE6B}.Debug|x86.ActiveCfg = Debug|Win32
		{713DF4AE-EC1C-472C-A12C-D4746B23CE6B}.Debug|x86.Build.0 = Debug|Win32
		{713DF4AE-EC1C-472C-A12C-D4746B23CE6B}.Release|x64.ActiveCfg = Release|x64
		{713DF4AE-EC1C-472C-A12C-D4746B23CE6B}.Release|x64.Build.0 = Release|x64
		{713DF4AE-EC1C-472C-A12C-D4746B23CE6B}.Release|x86.ActiveCfg = Release|Win32
		{713DF4AE-EC1C-472C-A12C-D4746B23CE6B}.Release|x86.Build.0 = Release|Win32
		{D6404C35-3323-4775-BAAE-42BEA47B8781}.Debug|x64.ActiveCfg = Debug|x64
		{D6404C35-3323-4775-BAAE-42BEA47B8781}.Debug|x64.Build.0 = Debug|x64
		{D6404C35-3323-4775-BAAE-42BEA47B8781}.Debug|x86.ActiveCfg = Debug|Win32
		{D6404C35-3323-4775-BAAE-42BEA47B8781}.Debug|x86.Build.0 = Debug|Win32
		{D6404C35-3323-4775-BAAE-42BEA47B8781}.Release|x64.ActiveCfg = Release|x64
		{D6404C35-3323-4775-BAAE-42BEA47B8781}.Release|x64.Build.0 = Release|x64
		{D6404C35-3323-4775-BAAE-42BEA47B8781}.Release|x86.ActiveCfg = Release|Win32
		{D6404C35-3323-4775-BAAE-42BEA47B8781}.Release|x86.Build.0 = Release|Win32
		{A8B53BBC-D424-4CDF-AE57-5B8A49FAB339}.Debug|x64.ActiveCfg = Debug|x64
		{A8B53BBC-D424-4CDF-AE57-5B8A49FAB339}.Debug|x64.Build.0 = Debug|x64
		{A8B53BBC-D424-4CDF-AE57-5B8A49FAB339}.Debug|x86.ActiveCfg = Debug|Win32
		{A8B53BBC-D424-4CDF-AE57-5B8A49FAB339}.Debug|x86.Build.0 = Debug|Win32
		{A8B53BBC-D424-4CDF-AE57-5B8A49FAB339}.Release|x64.ActiveCfg = Release|x64
		{A8B53BBC-D424-4CDF-AE57-5B8A49FAB339}.Release|x64.Build.0 = Release|x64
		{A8B53BBC-D424-4CDF-AE57-5B8A49FAB339}.Release|x86.ActiveCfg = Release|Win32
		{A8B53BBC-D424-4CDF-AE57-5B8A49FAB339}.Release|x86.Build.0 = Release|Win32
		{3FE7EFC0-7207-40E2-9541-1E48E7A231BB}.Debug|x64.ActiveCfg = Debug|x64
		{3FE7EFC0-7207-40E2-9541-1E48E7A231BB}.Debug|x64.Build.0 = Debug|x64
		{3FE7EFC0-7207-40E2-9541-1E48E7A231BB}.Debug|x86.ActiveCfg = Debug|Win32
		{3FE7EFC0-7207-40E2-9541-1E48E7A231BB}.Debug|x86.Build.0 = Debug|Win32
		{3FE7EFC0-7207-40E2-9541-1E48E7A231BB}.Release|x64.ActiveCfg = Release|x64
		{3FE7EFC0-7207-40E2-9541-1E48E7A231BB}.Release|x64.Build.0 = Release|x64
		{3FE7EFC0-7207-40E2-9541-1E48E7A231BB}.Release|x86.ActiveCfg = Release|Win32
		{3FE7EFC0-7207-40E2-9541-1E48E7A231BB}.Release|x86.Build.0 = Release|Win32
		{8E75B365-DA45-4213-9E42-C1B777769EA6}.Debug|x64.ActiveCfg = Debug|x64
		{8E75B365-DA45-4213-9E42-C1B777769EA6}.Debug|x64.Build.0 = Debug|x64
		{8E75B365-DA45-4213-9E42-C1B777769EA6}.Debug|x86.ActiveCfg = Debug|Win32
		{8E75B365-DA45-4213-9E42-C1B777769EA6}.Debug|x86.Build.0 = Debug|Win32
		{8E75B365-DA45-4213-9E42-C1B777769EA6}.Release|x64.ActiveCfg = Release|x64
		{8E75B365-DA45-4213-9E42-C1B777769EA6}.Release|x64.Build.0 = Release|x64
		{8E75B365-DA45-4213-9E42-C1B777769EA6}.Release|x86.ActiveCfg = Release|Win32
		{8E75B365-DA45-4213-9E42-C1B777769EA6}.Release|x86.Build.0 = Release|Win32
		{8B4F8DCF-EE69-4944-895F-A4CBBBCD065D}.Debug|x64.ActiveCfg = Debug|x64
		{8B4F8DCF-EE69-4944-895F-A4CBBBCD065D}.Debug|x64.Build.0 = Debug|x64
		{8B4F8DCF-EE69-4944-895F-A4CBBBCD065D}.Debug|x86.ActiveCfg = Debug|Win32
		{8B4F8DCF-EE69-4944-895F-A4CBBBCD065D}.Debug|x86.Build.0 = Debug|Win32
		{8B4F8DCF-EE69-4944-895F-A4CBBBCD065D}.Release|x64.ActiveCfg = Release|x64
		{8B4F8DCF-EE69-4944-895F-A4CBBBCD065D}.Release|x64.Build.0 = Release|x64
		{8B4F8DCF-EE69-4944-895F-A4CBBBCD065D}.Release|x86.ActiveCfg = Release|Win32
		{8B4F8DCF-EE69-4944-895F-A4CBBBCD065D}.Release|x86.Build.0 = Release|Win32
		{2799F5DF-2ACF-4D16-99D5-D11BF435D699}.Debug|x64.ActiveCfg = Debug|x64
		{2799F5DF-2ACF-4D16-99D5-D11BF435D699}.Debug|x64.Build.0 = Debug|x64
		{2799F5DF-2ACF-4D16-99D5-D11BF435D699}.Debug|x86.ActiveCfg = Debug|Win32
		{2799F5DF-2ACF-4D16-99D5-D11BF435D699}.Debug|x86.Build.0 = Debug|Win32
		{2799F5DF-2ACF-4D16-99D5-D11BF435D699}.Release|x64.ActiveCfg = Release|x64
		{2799F5DF-2ACF-4D16-99D5-D11BF435D699}.Release|x64.Build.0 = Release|x64
		{2799F5DF-2ACF-4D16-99D5-D11BF435D699}.Release|x86.ActiveCfg = Release|Win32
		{2799F5DF-2ACF-4D16-99D5-D11BF435D699}.Release|x86.Build.0 = Release|Win32
		{0DA11A15-1E75-422F-B0BD-16A178376C22}.Debug|x64.ActiveCfg = Debug|x64
		{0DA11A15-1E75-422F-B0BD-16A178376C22}.Debug|x64.Build.0 = Debug|x64
		{0DA11A15-1E75-422F-B0BD-16A178376C22}.Debug|x86.ActiveCfg = Debug|Win32
		{0DA11A15-1E75-422F-B0BD-16A178376C22}.Debug|x86.Build.0 = Debug|Win32
		{0DA11A15-1E75-422F-B0BD-16A178376C22}.Release|x64.ActiveCfg = Release|x64
		{0DA11A15-1E75-422F-B0BD-16A178376C22}.Release|x64.Build.0 = Release|x64
		{0DA11A15-1E75-422F-B0BD-16A178376C22}.Release|x86.ActiveCfg = Release|Win32
		{0DA11A15-1E75-422F-B0BD-16A178376C22}.Release|x86.Build.0 = Release|Win32
	EndGlobalSection
	GlobalSection(SolutionProperties) = preSolution
		HideSolutionNode = FALSE
	EndGlobalSection
	GlobalSection(ExtensibilityGlobals) = postSolution
		SolutionGuid = {47F81A2F-0179-46EA-8D53-4B998AB9226C}
	EndGlobalSection
EndGlobal
