
Microsoft Visual Studio Solution File, Format Version 12.00
# Visual Studio Version 16
VisualStudioVersion = 16.0.29230.47
MinimumVisualStudioVersion = 10.0.40219.1
Project("{8BC9CEB8-8B4A-11D0-8D11-00A0C91BC942}") = "6_00_GraphBaseCode", "6_00_GraphBaseCode\6_00_GraphBaseCode.vcxproj", "{7713E2F5-CDE9-46C2-BF31-4A21684E1B3B}"
EndProject
Project("{8BC9CEB8-8B4A-11D0-8D11-00A0C91BC942}") = "6_13_哥尼斯堡的七桥问题", "6_13_哥尼斯堡的七桥问题\6_13_哥尼斯堡的七桥问题.vcxproj", "{18FF5BD7-FDAB-4CA8-8AA4-5DDB8E3F4C12}"
EndProject
Project("{8BC9CEB8-8B4A-11D0-8D11-00A0C91BC942}") = "6_14_地下迷宫探索", "6_14_地下迷宫探索\6_14_地下迷宫探索.vcxproj", "{DE883E79-3884-4E05-9E33-35E51F6726E9}"
EndProject
Project("{8BC9CEB8-8B4A-11D0-8D11-00A0C91BC942}") = "6_15_旅游规划", "6_15_旅游规划\6_15_旅游规划.vcxproj", "{5735166C-58E5-4967-AD92-7E60A3D43147}"
EndProject
Project("{8BC9CEB8-8B4A-11D0-8D11-00A0C91BC942}") = "6_16_哈利波特的考试", "6_16_哈利波特的考试\6_16_哈利波特的考试.vcxproj", "{32A2BEC6-E9C6-49C3-8C22-3245F591D1CA}"
EndProject
Project("{8BC9CEB8-8B4A-11D0-8D11-00A0C91BC942}") = "6_17_公路村村通", "6_17_公路村村通\6_17_公路村村通.vcxproj", "{737C2DD6-16EA-4350-B7DB-76F5638B6F15}"
EndProject
Project("{8BC9CEB8-8B4A-11D0-8D11-00A0C91BC942}") = "6_21_列出连通集", "6_21_列出连通集\6_21_列出连通集.vcxproj", "{79E4CA48-244F-4A1D-8EDC-96E150C46394}"
EndProject
Project("{8BC9CEB8-8B4A-11D0-8D11-00A0C91BC942}") = "6_22_汉密尔顿回路", "6_22_汉密尔顿回路\6_22_汉密尔顿回路.vcxproj", "{C53FFC7C-938C-47F8-B57D-339670AF7540}"
EndProject
Project("{8BC9CEB8-8B4A-11D0-8D11-00A0C91BC942}") = "6_23_拯救007", "6_23_拯救007\6_23_拯救007.vcxproj", "{94E1662C-C5B5-4ADF-9DC5-EB838531F0D9}"
EndProject
Project("{8BC9CEB8-8B4A-11D0-8D11-00A0C91BC942}") = "6_24_六度空间", "6_24_六度空间\6_24_六度空间.vcxproj", "{87E667F6-7107-49F2-B653-063E00730000}"
EndProject
Project("{8BC9CEB8-8B4A-11D0-8D11-00A0C91BC942}") = "6_25_城市间紧急救援", "6_25_城市间紧急救援\6_25_城市间紧急救援.vcxproj", "{06958C58-D1C6-4335-8D32-722132F0F424}"
EndProject
Project("{8BC9CEB8-8B4A-11D0-8D11-00A0C91BC942}") = "6_26_最短工期", "6_26_最短工期\6_26_最短工期.vcxproj", "{54E90E47-1485-4651-955F-C43403985569}"
EndProject
Project("{8BC9CEB8-8B4A-11D0-8D11-00A0C91BC942}") = "6_31_红色警报", "6_31_红色警报\6_31_红色警报.vcxproj", "{D5A4A287-0772-4699-A011-7099353AEB20}"
EndProject
Project("{8BC9CEB8-8B4A-11D0-8D11-00A0C91BC942}") = "6_32_社交网络图中结点的重要性计算", "6_32_社交网络图中结点的重要性计算\6_32_社交网络图中结点的重要性计算.vcxproj", "{5F062391-B289-4E35-A858-C78D896C7EA6}"
EndProject
Project("{8BC9CEB8-8B4A-11D0-8D11-00A0C91BC942}") = "6_33_天梯地图", "6_33_天梯地图\6_33_天梯地图.vcxproj", "{B56872D6-5E62-4D1D-9160-391E32A004E7}"
EndProject
Project("{8BC9CEB8-8B4A-11D0-8D11-00A0C91BC942}") = "6_34_拯救007升级版", "6_34_拯救007升级版\6_34_拯救007升级版.vcxproj", "{65A35957-9E40-4EE6-B7AC-632C14F72E84}"
EndProject
Project("{8BC9CEB8-8B4A-11D0-8D11-00A0C91BC942}") = "6_35_关键活动", "6_35_关键活动\6_35_关键活动.vcxproj", "{4492B07C-CC8B-4306-84E3-AD689D683289}"
EndProject
Project("{8BC9CEB8-8B4A-11D0-8D11-00A0C91BC942}") = "6_36_最小生成树的唯一性", "6_36_最小生成树的唯一性\6_36_最小生成树的唯一性.vcxproj", "{DFCCBF56-D8C4-498D-8CB1-8995E925B8D8}"
EndProject
Global
	GlobalSection(SolutionConfigurationPlatforms) = preSolution
		Debug|x64 = Debug|x64
		Debug|x86 = Debug|x86
		Release|x64 = Release|x64
		Release|x86 = Release|x86
	EndGlobalSection
	GlobalSection(ProjectConfigurationPlatforms) = postSolution
		{7713E2F5-CDE9-46C2-BF31-4A21684E1B3B}.Debug|x64.ActiveCfg = Debug|x64
		{7713E2F5-CDE9-46C2-BF31-4A21684E1B3B}.Debug|x64.Build.0 = Debug|x64
		{7713E2F5-CDE9-46C2-BF31-4A21684E1B3B}.Debug|x86.ActiveCfg = Debug|Win32
		{7713E2F5-CDE9-46C2-BF31-4A21684E1B3B}.Debug|x86.Build.0 = Debug|Win32
		{7713E2F5-CDE9-46C2-BF31-4A21684E1B3B}.Release|x64.ActiveCfg = Release|x64
		{7713E2F5-CDE9-46C2-BF31-4A21684E1B3B}.Release|x64.Build.0 = Release|x64
		{7713E2F5-CDE9-46C2-BF31-4A21684E1B3B}.Release|x86.ActiveCfg = Release|Win32
		{7713E2F5-CDE9-46C2-BF31-4A21684E1B3B}.Release|x86.Build.0 = Release|Win32
		{18FF5BD7-FDAB-4CA8-8AA4-5DDB8E3F4C12}.Debug|x64.ActiveCfg = Debug|x64
		{18FF5BD7-FDAB-4CA8-8AA4-5DDB8E3F4C12}.Debug|x64.Build.0 = Debug|x64
		{18FF5BD7-FDAB-4CA8-8AA4-5DDB8E3F4C12}.Debug|x86.ActiveCfg = Debug|Win32
		{18FF5BD7-FDAB-4CA8-8AA4-5DDB8E3F4C12}.Debug|x86.Build.0 = Debug|Win32
		{18FF5BD7-FDAB-4CA8-8AA4-5DDB8E3F4C12}.Release|x64.ActiveCfg = Release|x64
		{18FF5BD7-FDAB-4CA8-8AA4-5DDB8E3F4C12}.Release|x64.Build.0 = Release|x64
		{18FF5BD7-FDAB-4CA8-8AA4-5DDB8E3F4C12}.Release|x86.ActiveCfg = Release|Win32
		{18FF5BD7-FDAB-4CA8-8AA4-5DDB8E3F4C12}.Release|x86.Build.0 = Release|Win32
		{DE883E79-3884-4E05-9E33-35E51F6726E9}.Debug|x64.ActiveCfg = Debug|x64
		{DE883E79-3884-4E05-9E33-35E51F6726E9}.Debug|x64.Build.0 = Debug|x64
		{DE883E79-3884-4E05-9E33-35E51F6726E9}.Debug|x86.ActiveCfg = Debug|Win32
		{DE883E79-3884-4E05-9E33-35E51F6726E9}.Debug|x86.Build.0 = Debug|Win32
		{DE883E79-3884-4E05-9E33-35E51F6726E9}.Release|x64.ActiveCfg = Release|x64
		{DE883E79-3884-4E05-9E33-35E51F6726E9}.Release|x64.Build.0 = Release|x64
		{DE883E79-3884-4E05-9E33-35E51F6726E9}.Release|x86.ActiveCfg = Release|Win32
		{DE883E79-3884-4E05-9E33-35E51F6726E9}.Release|x86.Build.0 = Release|Win32
		{5735166C-58E5-4967-AD92-7E60A3D43147}.Debug|x64.ActiveCfg = Debug|x64
		{5735166C-58E5-4967-AD92-7E60A3D43147}.Debug|x64.Build.0 = Debug|x64
		{5735166C-58E5-4967-AD92-7E60A3D43147}.Debug|x86.ActiveCfg = Debug|Win32
		{5735166C-58E5-4967-AD92-7E60A3D43147}.Debug|x86.Build.0 = Debug|Win32
		{5735166C-58E5-4967-AD92-7E60A3D43147}.Release|x64.ActiveCfg = Release|x64
		{5735166C-58E5-4967-AD92-7E60A3D43147}.Release|x64.Build.0 = Release|x64
		{5735166C-58E5-4967-AD92-7E60A3D43147}.Release|x86.ActiveCfg = Release|Win32
		{5735166C-58E5-4967-AD92-7E60A3D43147}.Release|x86.Build.0 = Release|Win32
		{32A2BEC6-E9C6-49C3-8C22-3245F591D1CA}.Debug|x64.ActiveCfg = Debug|x64
		{32A2BEC6-E9C6-49C3-8C22-3245F591D1CA}.Debug|x64.Build.0 = Debug|x64
		{32A2BEC6-E9C6-49C3-8C22-3245F591D1CA}.Debug|x86.ActiveCfg = Debug|Win32
		{32A2BEC6-E9C6-49C3-8C22-3245F591D1CA}.Debug|x86.Build.0 = Debug|Win32
		{32A2BEC6-E9C6-49C3-8C22-3245F591D1CA}.Release|x64.ActiveCfg = Release|x64
		{32A2BEC6-E9C6-49C3-8C22-3245F591D1CA}.Release|x64.Build.0 = Release|x64
		{32A2BEC6-E9C6-49C3-8C22-3245F591D1CA}.Release|x86.ActiveCfg = Release|Win32
		{32A2BEC6-E9C6-49C3-8C22-3245F591D1CA}.Release|x86.Build.0 = Release|Win32
		{737C2DD6-16EA-4350-B7DB-76F5638B6F15}.Debug|x64.ActiveCfg = Debug|x64
		{737C2DD6-16EA-4350-B7DB-76F5638B6F15}.Debug|x64.Build.0 = Debug|x64
		{737C2DD6-16EA-4350-B7DB-76F5638B6F15}.Debug|x86.ActiveCfg = Debug|Win32
		{737C2DD6-16EA-4350-B7DB-76F5638B6F15}.Debug|x86.Build.0 = Debug|Win32
		{737C2DD6-16EA-4350-B7DB-76F5638B6F15}.Release|x64.ActiveCfg = Release|x64
		{737C2DD6-16EA-4350-B7DB-76F5638B6F15}.Release|x64.Build.0 = Release|x64
		{737C2DD6-16EA-4350-B7DB-76F5638B6F15}.Release|x86.ActiveCfg = Release|Win32
		{737C2DD6-16EA-4350-B7DB-76F5638B6F15}.Release|x86.Build.0 = Release|Win32
		{79E4CA48-244F-4A1D-8EDC-96E150C46394}.Debug|x64.ActiveCfg = Debug|x64
		{79E4CA48-244F-4A1D-8EDC-96E150C46394}.Debug|x64.Build.0 = Debug|x64
		{79E4CA48-244F-4A1D-8EDC-96E150C46394}.Debug|x86.ActiveCfg = Debug|Win32
		{79E4CA48-244F-4A1D-8EDC-96E150C46394}.Debug|x86.Build.0 = Debug|Win32
		{79E4CA48-244F-4A1D-8EDC-96E150C46394}.Release|x64.ActiveCfg = Release|x64
		{79E4CA48-244F-4A1D-8EDC-96E150C46394}.Release|x64.Build.0 = Release|x64
		{79E4CA48-244F-4A1D-8EDC-96E150C46394}.Release|x86.ActiveCfg = Release|Win32
		{79E4CA48-244F-4A1D-8EDC-96E150C46394}.Release|x86.Build.0 = Release|Win32
		{C53FFC7C-938C-47F8-B57D-339670AF7540}.Debug|x64.ActiveCfg = Debug|x64
		{C53FFC7C-938C-47F8-B57D-339670AF7540}.Debug|x64.Build.0 = Debug|x64
		{C53FFC7C-938C-47F8-B57D-339670AF7540}.Debug|x86.ActiveCfg = Debug|Win32
		{C53FFC7C-938C-47F8-B57D-339670AF7540}.Debug|x86.Build.0 = Debug|Win32
		{C53FFC7C-938C-47F8-B57D-339670AF7540}.Release|x64.ActiveCfg = Release|x64
		{C53FFC7C-938C-47F8-B57D-339670AF7540}.Release|x64.Build.0 = Release|x64
		{C53FFC7C-938C-47F8-B57D-339670AF7540}.Release|x86.ActiveCfg = Release|Win32
		{C53FFC7C-938C-47F8-B57D-339670AF7540}.Release|x86.Build.0 = Release|Win32
		{94E1662C-C5B5-4ADF-9DC5-EB838531F0D9}.Debug|x64.ActiveCfg = Debug|x64
		{94E1662C-C5B5-4ADF-9DC5-EB838531F0D9}.Debug|x64.Build.0 = Debug|x64
		{94E1662C-C5B5-4ADF-9DC5-EB838531F0D9}.Debug|x86.ActiveCfg = Debug|Win32
		{94E1662C-C5B5-4ADF-9DC5-EB838531F0D9}.Debug|x86.Build.0 = Debug|Win32
		{94E1662C-C5B5-4ADF-9DC5-EB838531F0D9}.Release|x64.ActiveCfg = Release|x64
		{94E1662C-C5B5-4ADF-9DC5-EB838531F0D9}.Release|x64.Build.0 = Release|x64
		{94E1662C-C5B5-4ADF-9DC5-EB838531F0D9}.Release|x86.ActiveCfg = Release|Win32
		{94E1662C-C5B5-4ADF-9DC5-EB838531F0D9}.Release|x86.Build.0 = Release|Win32
		{87E667F6-7107-49F2-B653-063E00730000}.Debug|x64.ActiveCfg = Debug|x64
		{87E667F6-7107-49F2-B653-063E00730000}.Debug|x64.Build.0 = Debug|x64
		{87E667F6-7107-49F2-B653-063E00730000}.Debug|x86.ActiveCfg = Debug|Win32
		{87E667F6-7107-49F2-B653-063E00730000}.Debug|x86.Build.0 = Debug|Win32
		{87E667F6-7107-49F2-B653-063E00730000}.Release|x64.ActiveCfg = Release|x64
		{87E667F6-7107-49F2-B653-063E00730000}.Release|x64.Build.0 = Release|x64
		{87E667F6-7107-49F2-B653-063E00730000}.Release|x86.ActiveCfg = Release|Win32
		{87E667F6-7107-49F2-B653-063E00730000}.Release|x86.Build.0 = Release|Win32
		{06958C58-D1C6-4335-8D32-722132F0F424}.Debug|x64.ActiveCfg = Debug|x64
		{06958C58-D1C6-4335-8D32-722132F0F424}.Debug|x64.Build.0 = Debug|x64
		{06958C58-D1C6-4335-8D32-722132F0F424}.Debug|x86.ActiveCfg = Debug|Win32
		{06958C58-D1C6-4335-8D32-722132F0F424}.Debug|x86.Build.0 = Debug|Win32
		{06958C58-D1C6-4335-8D32-722132F0F424}.Release|x64.ActiveCfg = Release|x64
		{06958C58-D1C6-4335-8D32-722132F0F424}.Release|x64.Build.0 = Release|x64
		{06958C58-D1C6-4335-8D32-722132F0F424}.Release|x86.ActiveCfg = Release|Win32
		{06958C58-D1C6-4335-8D32-722132F0F424}.Release|x86.Build.0 = Release|Win32
		{54E90E47-1485-4651-955F-C43403985569}.Debug|x64.ActiveCfg = Debug|x64
		{54E90E47-1485-4651-955F-C43403985569}.Debug|x64.Build.0 = Debug|x64
		{54E90E47-1485-4651-955F-C43403985569}.Debug|x86.ActiveCfg = Debug|Win32
		{54E90E47-1485-4651-955F-C43403985569}.Debug|x86.Build.0 = Debug|Win32
		{54E90E47-1485-4651-955F-C43403985569}.Release|x64.ActiveCfg = Release|x64
		{54E90E47-1485-4651-955F-C43403985569}.Release|x64.Build.0 = Release|x64
		{54E90E47-1485-4651-955F-C43403985569}.Release|x86.ActiveCfg = Release|Win32
		{54E90E47-1485-4651-955F-C43403985569}.Release|x86.Build.0 = Release|Win32
		{D5A4A287-0772-4699-A011-7099353AEB20}.Debug|x64.ActiveCfg = Debug|x64
		{D5A4A287-0772-4699-A011-7099353AEB20}.Debug|x64.Build.0 = Debug|x64
		{D5A4A287-0772-4699-A011-7099353AEB20}.Debug|x86.ActiveCfg = Debug|Win32
		{D5A4A287-0772-4699-A011-7099353AEB20}.Debug|x86.Build.0 = Debug|Win32
		{D5A4A287-0772-4699-A011-7099353AEB20}.Release|x64.ActiveCfg = Release|x64
		{D5A4A287-0772-4699-A011-7099353AEB20}.Release|x64.Build.0 = Release|x64
		{D5A4A287-0772-4699-A011-7099353AEB20}.Release|x86.ActiveCfg = Release|Win32
		{D5A4A287-0772-4699-A011-7099353AEB20}.Release|x86.Build.0 = Release|Win32
		{5F062391-B289-4E35-A858-C78D896C7EA6}.Debug|x64.ActiveCfg = Debug|x64
		{5F062391-B289-4E35-A858-C78D896C7EA6}.Debug|x64.Build.0 = Debug|x64
		{5F062391-B289-4E35-A858-C78D896C7EA6}.Debug|x86.ActiveCfg = Debug|Win32
		{5F062391-B289-4E35-A858-C78D896C7EA6}.Debug|x86.Build.0 = Debug|Win32
		{5F062391-B289-4E35-A858-C78D896C7EA6}.Release|x64.ActiveCfg = Release|x64
		{5F062391-B289-4E35-A858-C78D896C7EA6}.Release|x64.Build.0 = Release|x64
		{5F062391-B289-4E35-A858-C78D896C7EA6}.Release|x86.ActiveCfg = Release|Win32
		{5F062391-B289-4E35-A858-C78D896C7EA6}.Release|x86.Build.0 = Release|Win32
		{B56872D6-5E62-4D1D-9160-391E32A004E7}.Debug|x64.ActiveCfg = Debug|x64
		{B56872D6-5E62-4D1D-9160-391E32A004E7}.Debug|x64.Build.0 = Debug|x64
		{B56872D6-5E62-4D1D-9160-391E32A004E7}.Debug|x86.ActiveCfg = Debug|Win32
		{B56872D6-5E62-4D1D-9160-391E32A004E7}.Debug|x86.Build.0 = Debug|Win32
		{B56872D6-5E62-4D1D-9160-391E32A004E7}.Release|x64.ActiveCfg = Release|x64
		{B56872D6-5E62-4D1D-9160-391E32A004E7}.Release|x64.Build.0 = Release|x64
		{B56872D6-5E62-4D1D-9160-391E32A004E7}.Release|x86.ActiveCfg = Release|Win32
		{B56872D6-5E62-4D1D-9160-391E32A004E7}.Release|x86.Build.0 = Release|Win32
		{65A35957-9E40-4EE6-B7AC-632C14F72E84}.Debug|x64.ActiveCfg = Debug|x64
		{65A35957-9E40-4EE6-B7AC-632C14F72E84}.Debug|x64.Build.0 = Debug|x64
		{65A35957-9E40-4EE6-B7AC-632C14F72E84}.Debug|x86.ActiveCfg = Debug|Win32
		{65A35957-9E40-4EE6-B7AC-632C14F72E84}.Debug|x86.Build.0 = Debug|Win32
		{65A35957-9E40-4EE6-B7AC-632C14F72E84}.Release|x64.ActiveCfg = Release|x64
		{65A35957-9E40-4EE6-B7AC-632C14F72E84}.Release|x64.Build.0 = Release|x64
		{65A35957-9E40-4EE6-B7AC-632C14F72E84}.Release|x86.ActiveCfg = Release|Win32
		{65A35957-9E40-4EE6-B7AC-632C14F72E84}.Release|x86.Build.0 = Release|Win32
		{4492B07C-CC8B-4306-84E3-AD689D683289}.Debug|x64.ActiveCfg = Debug|x64
		{4492B07C-CC8B-4306-84E3-AD689D683289}.Debug|x64.Build.0 = Debug|x64
		{4492B07C-CC8B-4306-84E3-AD689D683289}.Debug|x86.ActiveCfg = Debug|Win32
		{4492B07C-CC8B-4306-84E3-AD689D683289}.Debug|x86.Build.0 = Debug|Win32
		{4492B07C-CC8B-4306-84E3-AD689D683289}.Release|x64.ActiveCfg = Release|x64
		{4492B07C-CC8B-4306-84E3-AD689D683289}.Release|x64.Build.0 = Release|x64
		{4492B07C-CC8B-4306-84E3-AD689D683289}.Release|x86.ActiveCfg = Release|Win32
		{4492B07C-CC8B-4306-84E3-AD689D683289}.Release|x86.Build.0 = Release|Win32
		{DFCCBF56-D8C4-498D-8CB1-8995E925B8D8}.Debug|x64.ActiveCfg = Debug|x64
		{DFCCBF56-D8C4-498D-8CB1-8995E925B8D8}.Debug|x64.Build.0 = Debug|x64
		{DFCCBF56-D8C4-498D-8CB1-8995E925B8D8}.Debug|x86.ActiveCfg = Debug|Win32
		{DFCCBF56-D8C4-498D-8CB1-8995E925B8D8}.Debug|x86.Build.0 = Debug|Win32
		{DFCCBF56-D8C4-498D-8CB1-8995E925B8D8}.Release|x64.ActiveCfg = Release|x64
		{DFCCBF56-D8C4-498D-8CB1-8995E925B8D8}.Release|x64.Build.0 = Release|x64
		{DFCCBF56-D8C4-498D-8CB1-8995E925B8D8}.Release|x86.ActiveCfg = Release|Win32
		{DFCCBF56-D8C4-498D-8CB1-8995E925B8D8}.Release|x86.Build.0 = Release|Win32
	EndGlobalSection
	GlobalSection(SolutionProperties) = preSolution
		HideSolutionNode = FALSE
	EndGlobalSection
	GlobalSection(ExtensibilityGlobals) = postSolution
		SolutionGuid = {259206F6-5AC8-404B-AD35-B8C17568854D}
	EndGlobalSection
EndGlobal
